
Microsoft Visual Studio Solution File, Format Version 12.00
# Visual Studio Version 17
VisualStudioVersion = 17.7.34024.191
MinimumVisualStudioVersion = 10.0.40219.1
Project("{FAE04EC0-301F-11D3-BF4B-00C04F79EFBC}") = "E_Tour_DotNet", "E_Tour_DotNet\E_Tour_DotNet.csproj", "{F4445628-FCC6-40E6-A618-D0AC7CB82DA1}"
EndProject
Global
	GlobalSection(SolutionConfigurationPlatforms) = preSolution
		Debug|Any CPU = Debug|Any CPU
		Release|Any CPU = Release|Any CPU
	EndGlobalSection
	GlobalSection(ProjectConfigurationPlatforms) = postSolution
		{F4445628-FCC6-40E6-A618-D0AC7CB82DA1}.Debug|Any CPU.ActiveCfg = Debug|Any CPU
		{F4445628-FCC6-40E6-A618-D0AC7CB82DA1}.Debug|Any CPU.Build.0 = Debug|Any CPU
		{F4445628-FCC6-40E6-A618-D0AC7CB82DA1}.Release|Any CPU.ActiveCfg = Release|Any CPU
		{F4445628-FCC6-40E6-A618-D0AC7CB82DA1}.Release|Any CPU.Build.0 = Release|Any CPU
	EndGlobalSection
	GlobalSection(SolutionProperties) = preSolution
		HideSolutionNode = FALSE
	EndGlobalSection
	GlobalSection(ExtensibilityGlobals) = postSolution
		SolutionGuid = {534C3B16-2465-48AA-BE46-077950786473}
	EndGlobalSection
EndGlobal
